
Microsoft Visual Studio Solution File, Format Version 12.00
# Visual Studio Version 17
VisualStudioVersion = 17.1.32407.343
MinimumVisualStudioVersion = 10.0.40219.1
Project("{FAE04EC0-301F-11D3-BF4B-00C04F79EFBC}") = "RoleBased", "RoleBased.csproj", "{946ECA01-DC02-49CE-98E0-4820D70F3187}"
EndProject
Project("{FAE04EC0-301F-11D3-BF4B-00C04F79EFBC}") = "BusinessLayer", "..\BusinessLayer\BusinessLayer.csproj", "{2A3A7AAC-BFD0-4181-9147-4E4321D29D10}"
EndProject
Project("{FAE04EC0-301F-11D3-BF4B-00C04F79EFBC}") = "RepositoryLayer", "..\RepositoryLayer\RepositoryLayer.csproj", "{2CF3A283-B5DA-4CC1-8A22-60D4EE52773D}"
EndProject
Project("{FAE04EC0-301F-11D3-BF4B-00C04F79EFBC}") = "CommonLayer", "..\CommonLayer\CommonLayer.csproj", "{9703F100-6E72-4AFE-9019-E034321A15CB}"
EndProject
Global
	GlobalSection(SolutionConfigurationPlatforms) = preSolution
		Debug|Any CPU = Debug|Any CPU
		Release|Any CPU = Release|Any CPU
	EndGlobalSection
	GlobalSection(ProjectConfigurationPlatforms) = postSolution
		{946ECA01-DC02-49CE-98E0-4820D70F3187}.Debug|Any CPU.ActiveCfg = Debug|Any CPU
		{946ECA01-DC02-49CE-98E0-4820D70F3187}.Debug|Any CPU.Build.0 = Debug|Any CPU
		{946ECA01-DC02-49CE-98E0-4820D70F3187}.Release|Any CPU.ActiveCfg = Release|Any CPU
		{946ECA01-DC02-49CE-98E0-4820D70F3187}.Release|Any CPU.Build.0 = Release|Any CPU
		{2A3A7AAC-BFD0-4181-9147-4E4321D29D10}.Debug|Any CPU.ActiveCfg = Debug|Any CPU
		{2A3A7AAC-BFD0-4181-9147-4E4321D29D10}.Debug|Any CPU.Build.0 = Debug|Any CPU
		{2A3A7AAC-BFD0-4181-9147-4E4321D29D10}.Release|Any CPU.ActiveCfg = Release|Any CPU
		{2A3A7AAC-BFD0-4181-9147-4E4321D29D10}.Release|Any CPU.Build.0 = Release|Any CPU
		{2CF3A283-B5DA-4CC1-8A22-60D4EE52773D}.Debug|Any CPU.ActiveCfg = Debug|Any CPU
		{2CF3A283-B5DA-4CC1-8A22-60D4EE52773D}.Debug|Any CPU.Build.0 = Debug|Any CPU
		{2CF3A283-B5DA-4CC1-8A22-60D4EE52773D}.Release|Any CPU.ActiveCfg = Release|Any CPU
		{2CF3A283-B5DA-4CC1-8A22-60D4EE52773D}.Release|Any CPU.Build.0 = Release|Any CPU
		{9703F100-6E72-4AFE-9019-E034321A15CB}.Debug|Any CPU.ActiveCfg = Debug|Any CPU
		{9703F100-6E72-4AFE-9019-E034321A15CB}.Debug|Any CPU.Build.0 = Debug|Any CPU
		{9703F100-6E72-4AFE-9019-E034321A15CB}.Release|Any CPU.ActiveCfg = Release|Any CPU
		{9703F100-6E72-4AFE-9019-E034321A15CB}.Release|Any CPU.Build.0 = Release|Any CPU
	EndGlobalSection
	GlobalSection(SolutionProperties) = preSolution
		HideSolutionNode = FALSE
	EndGlobalSection
	GlobalSection(ExtensibilityGlobals) = postSolution
		SolutionGuid = {8DA61CFF-3E99-458B-B1D3-20C8D54231BB}
	EndGlobalSection
EndGlobal
